
Microsoft Visual Studio Solution File, Format Version 12.00
# Visual Studio Version 17
VisualStudioVersion = 17.12.35514.174
MinimumVisualStudioVersion = 10.0.40219.1
Project("{F2A71F9B-5D33-465A-A702-920D77279786}") = "Dawn.Win", "Dawn.Win\Dawn.Win.fsproj", "{56EFC404-4D4A-4A2F-AC04-B5718437931E}"
EndProject
Project("{FAE04EC0-301F-11D3-BF4B-00C04F79EFBC}") = "FNA.Core", "..\deps\FNA\FNA.Core.csproj", "{00F609F6-477D-CE32-7C4F-D63FA3DE828B}"
EndProject
Project("{F2A71F9B-5D33-465A-A702-920D77279786}") = "Dawn.Core", "Dawn.Core\Dawn.Core.fsproj", "{4F24150F-8B78-41CE-975B-FDF74B744F63}"
EndProject
Project("{FAE04EC0-301F-11D3-BF4B-00C04F79EFBC}") = "FontStashSharp.FNA.Core", "..\deps\FontStashSharp\src\XNA\FontStashSharp.FNA.Core.csproj", "{C23251F4-AD14-4B4F-9621-D3CFA047AD4C}"
EndProject
Project("{2150E333-8FDC-42A3-9474-1A3956D46DE8}") = "Dependencies", "Dependencies", "{02EA681E-C7D8-13C7-8484-4AC65E1B71E8}"
EndProject
Global
	GlobalSection(SolutionConfigurationPlatforms) = preSolution
		Debug|Any CPU = Debug|Any CPU
		Release|Any CPU = Release|Any CPU
	EndGlobalSection
	GlobalSection(ProjectConfigurationPlatforms) = postSolution
		{56EFC404-4D4A-4A2F-AC04-B5718437931E}.Debug|Any CPU.ActiveCfg = Debug|Any CPU
		{56EFC404-4D4A-4A2F-AC04-B5718437931E}.Debug|Any CPU.Build.0 = Debug|Any CPU
		{56EFC404-4D4A-4A2F-AC04-B5718437931E}.Release|Any CPU.ActiveCfg = Release|Any CPU
		{56EFC404-4D4A-4A2F-AC04-B5718437931E}.Release|Any CPU.Build.0 = Release|Any CPU
		{00F609F6-477D-CE32-7C4F-D63FA3DE828B}.Debug|Any CPU.ActiveCfg = Debug|Any CPU
		{00F609F6-477D-CE32-7C4F-D63FA3DE828B}.Debug|Any CPU.Build.0 = Debug|Any CPU
		{00F609F6-477D-CE32-7C4F-D63FA3DE828B}.Release|Any CPU.ActiveCfg = Release|Any CPU
		{00F609F6-477D-CE32-7C4F-D63FA3DE828B}.Release|Any CPU.Build.0 = Release|Any CPU
		{4F24150F-8B78-41CE-975B-FDF74B744F63}.Debug|Any CPU.ActiveCfg = Debug|Any CPU
		{4F24150F-8B78-41CE-975B-FDF74B744F63}.Debug|Any CPU.Build.0 = Debug|Any CPU
		{4F24150F-8B78-41CE-975B-FDF74B744F63}.Release|Any CPU.ActiveCfg = Release|Any CPU
		{4F24150F-8B78-41CE-975B-FDF74B744F63}.Release|Any CPU.Build.0 = Release|Any CPU
		{C23251F4-AD14-4B4F-9621-D3CFA047AD4C}.Debug|Any CPU.ActiveCfg = Debug|Any CPU
		{C23251F4-AD14-4B4F-9621-D3CFA047AD4C}.Debug|Any CPU.Build.0 = Debug|Any CPU
		{C23251F4-AD14-4B4F-9621-D3CFA047AD4C}.Release|Any CPU.ActiveCfg = Release|Any CPU
		{C23251F4-AD14-4B4F-9621-D3CFA047AD4C}.Release|Any CPU.Build.0 = Release|Any CPU
	EndGlobalSection
	GlobalSection(SolutionProperties) = preSolution
		HideSolutionNode = FALSE
	EndGlobalSection
	GlobalSection(NestedProjects) = preSolution
		{00F609F6-477D-CE32-7C4F-D63FA3DE828B} = {02EA681E-C7D8-13C7-8484-4AC65E1B71E8}
		{C23251F4-AD14-4B4F-9621-D3CFA047AD4C} = {02EA681E-C7D8-13C7-8484-4AC65E1B71E8}
	EndGlobalSection
	GlobalSection(ExtensibilityGlobals) = postSolution
		SolutionGuid = {D683DCE3-389B-4AA1-9EF1-7D134DC189D6}
	EndGlobalSection
EndGlobal
